
Microsoft Visual Studio Solution File, Format Version 12.00
# Visual Studio Version 16
VisualStudioVersion = 16.0.29806.167
MinimumVisualStudioVersion = 10.0.40219.1
Project("{FAE04EC0-301F-11D3-BF4B-00C04F79EFBC}") = "串口通信", "串口通信\串口通信.csproj", "{AEE94D60-93A8-46B7-A9E3-E31ACA3F3C12}"
EndProject
Project("{FAE04EC0-301F-11D3-BF4B-00C04F79EFBC}") = "3D", "3D\3D.csproj", "{88244226-FD00-4A67-8108-649C7A37F72A}"
EndProject
Project("{FAE04EC0-301F-11D3-BF4B-00C04F79EFBC}") = "卡尔曼滤波", "卡尔曼滤波\卡尔曼滤波.csproj", "{C07E2EF8-D21F-4A96-AE05-8DE335AFF4FB}"
EndProject
Project("{FAE04EC0-301F-11D3-BF4B-00C04F79EFBC}") = "PID", "PID\PID.csproj", "{09B10157-C3C6-4AA0-8B59-F195F165FC4C}"
EndProject
Project("{FAE04EC0-301F-11D3-BF4B-00C04F79EFBC}") = "AStar", "AStart\AStar.csproj", "{BA568B80-2988-460E-9210-1A561DA3F152}"
EndProject
Project("{FAE04EC0-301F-11D3-BF4B-00C04F79EFBC}") = "U-235_WPF", "U-235_WPF\U-235_WPF.csproj", "{8EBE9D77-878F-4DB1-80AB-EADD68A1B50A}"
EndProject
Project("{888888A0-9F3D-457C-B088-3A5042F75D52}") = "00-Basic", "PyTorch00-Basic\00-Basic.pyproj", "{210D0414-762F-4EEE-BCF1-55026A0E7889}"
EndProject
Project("{2150E333-8FDC-42A3-9474-1A3956D46DE8}") = "PyTorch", "PyTorch", "{02F3F27F-1758-41DB-B1EF-A326B6712045}"
EndProject
Project("{2150E333-8FDC-42A3-9474-1A3956D46DE8}") = "面试", "面试", "{36ABBDA7-07F5-4DC4-95E2-798D9F7233EA}"
EndProject
Project("{8BC9CEB8-8B4A-11D0-8D11-00A0C91BC942}") = "云宽", "云宽\云宽.vcxproj", "{00A83333-6772-410E-8AD4-64CC027ED1C7}"
EndProject
Project("{2150E333-8FDC-42A3-9474-1A3956D46DE8}") = "LintCode", "LintCode", "{515B98E6-BE14-40CE-82FC-8E4655D4077B}"
EndProject
Project("{8BC9CEB8-8B4A-11D0-8D11-00A0C91BC942}") = "0-A+B", "A+B\A+B.vcxproj", "{4E0DC0FE-C893-487F-9FDB-0103AD458BBB}"
EndProject
Project("{8BC9CEB8-8B4A-11D0-8D11-00A0C91BC942}") = "1-TailZero", "1-TailZero\1-TailZero.vcxproj", "{C09DC2BA-4F3F-4BAF-AA90-525882E06105}"
EndProject
Project("{2150E333-8FDC-42A3-9474-1A3956D46DE8}") = "Django", "Django", "{4E940A61-5560-4EDB-9219-71DF99519570}"
EndProject
Project("{8BC9CEB8-8B4A-11D0-8D11-00A0C91BC942}") = "字符串反转", "字符串反转\字符串反转.vcxproj", "{15E0F62E-39D1-4297-80BF-D2FF4FECCFCE}"
EndProject
Project("{2150E333-8FDC-42A3-9474-1A3956D46DE8}") = "长亭科技", "长亭科技", "{339D108D-5719-47C4-9E82-4C8A474BB576}"
EndProject
Project("{8BC9CEB8-8B4A-11D0-8D11-00A0C91BC942}") = "0-AccessLogProcessing", "AccessLogProcessing\AccessLogProcessing.vcxproj", "{2AAF5C6B-65B0-4248-A2F8-95B1B56CD962}"
EndProject
Project("{8BC9CEB8-8B4A-11D0-8D11-00A0C91BC942}") = "1-SlowScrawler", "1-SlowScrawler\1-SlowScrawler.vcxproj", "{DA7007DD-3AF3-4584-8E5C-387896713FAB}"
EndProject
Project("{2150E333-8FDC-42A3-9474-1A3956D46DE8}") = "CPP", "CPP", "{035F7412-CA9D-473B-B3C8-89924E834115}"
EndProject
Project("{8BC9CEB8-8B4A-11D0-8D11-00A0C91BC942}") = "MoveFromVector", "MoveFromVector\MoveFromVector.vcxproj", "{A6DB04D9-5D44-4B1E-A68D-801EF90A84B9}"
EndProject
Project("{8BC9CEB8-8B4A-11D0-8D11-00A0C91BC942}") = "2-AttackAndDefence", "2-AttackAndDefence\2-AttackAndDefence.vcxproj", "{41E27E32-99A2-4E09-962E-36E2E590A2EE}"
EndProject
Project("{8BC9CEB8-8B4A-11D0-8D11-00A0C91BC942}") = "EraseDataFromVector", "EraseDataFromVector\EraseDataFromVector.vcxproj", "{24CCD4E3-E02A-4E08-8A83-F6D7FA787858}"
EndProject
Project("{2150E333-8FDC-42A3-9474-1A3956D46DE8}") = "OpenGL", "OpenGL", "{7D88C3C8-4B80-4B65-BE8A-C91D903E50AE}"
EndProject
Project("{8BC9CEB8-8B4A-11D0-8D11-00A0C91BC942}") = "0-CreateAWindow", "0-CreateAWindow\0-CreateAWindow.vcxproj", "{1C49A00A-3C4C-4CC7-8495-DCB920A273A9}"
EndProject
Project("{8BC9CEB8-8B4A-11D0-8D11-00A0C91BC942}") = "6-DrinkWater", "6-DrinkWater\6-DrinkWater.vcxproj", "{963C86A8-3FF1-4E86-A648-1C5419C4EF46}"
EndProject
Project("{8BC9CEB8-8B4A-11D0-8D11-00A0C91BC942}") = "4-RSA", "4-RSA\4-RSA.vcxproj", "{31866481-C58B-4392-95B1-F49CE9F4857F}"
EndProject
Project("{8BC9CEB8-8B4A-11D0-8D11-00A0C91BC942}") = "5-Subarray", "5-Subarray\5-Subarray.vcxproj", "{D0473B14-0836-4563-9172-B1C70E9F297D}"
EndProject
Project("{8BC9CEB8-8B4A-11D0-8D11-00A0C91BC942}") = "1-SlowScrawler-graph", "1-SlowScrawler-graph\1-SlowScrawler-graph.vcxproj", "{4537BE3D-BDB1-4EB4-99EB-C36ED19D3313}"
EndProject
Global
	GlobalSection(SolutionConfigurationPlatforms) = preSolution
		Debug|Any CPU = Debug|Any CPU
		Debug|ARM = Debug|ARM
		Debug|ARM64 = Debug|ARM64
		Debug|x64 = Debug|x64
		Debug|x86 = Debug|x86
		Release|Any CPU = Release|Any CPU
		Release|ARM = Release|ARM
		Release|ARM64 = Release|ARM64
		Release|x64 = Release|x64
		Release|x86 = Release|x86
	EndGlobalSection
	GlobalSection(ProjectConfigurationPlatforms) = postSolution
		{AEE94D60-93A8-46B7-A9E3-E31ACA3F3C12}.Debug|Any CPU.ActiveCfg = Debug|Any CPU
		{AEE94D60-93A8-46B7-A9E3-E31ACA3F3C12}.Debug|Any CPU.Build.0 = Debug|Any CPU
		{AEE94D60-93A8-46B7-A9E3-E31ACA3F3C12}.Debug|ARM.ActiveCfg = Debug|Any CPU
		{AEE94D60-93A8-46B7-A9E3-E31ACA3F3C12}.Debug|ARM.Build.0 = Debug|Any CPU
		{AEE94D60-93A8-46B7-A9E3-E31ACA3F3C12}.Debug|ARM64.ActiveCfg = Debug|Any CPU
		{AEE94D60-93A8-46B7-A9E3-E31ACA3F3C12}.Debug|ARM64.Build.0 = Debug|Any CPU
		{AEE94D60-93A8-46B7-A9E3-E31ACA3F3C12}.Debug|x64.ActiveCfg = Debug|Any CPU
		{AEE94D60-93A8-46B7-A9E3-E31ACA3F3C12}.Debug|x64.Build.0 = Debug|Any CPU
		{AEE94D60-93A8-46B7-A9E3-E31ACA3F3C12}.Debug|x86.ActiveCfg = Debug|Any CPU
		{AEE94D60-93A8-46B7-A9E3-E31ACA3F3C12}.Debug|x86.Build.0 = Debug|Any CPU
		{AEE94D60-93A8-46B7-A9E3-E31ACA3F3C12}.Release|Any CPU.ActiveCfg = Release|Any CPU
		{AEE94D60-93A8-46B7-A9E3-E31ACA3F3C12}.Release|Any CPU.Build.0 = Release|Any CPU
		{AEE94D60-93A8-46B7-A9E3-E31ACA3F3C12}.Release|ARM.ActiveCfg = Release|Any CPU
		{AEE94D60-93A8-46B7-A9E3-E31ACA3F3C12}.Release|ARM.Build.0 = Release|Any CPU
		{AEE94D60-93A8-46B7-A9E3-E31ACA3F3C12}.Release|ARM64.ActiveCfg = Release|Any CPU
		{AEE94D60-93A8-46B7-A9E3-E31ACA3F3C12}.Release|ARM64.Build.0 = Release|Any CPU
		{AEE94D60-93A8-46B7-A9E3-E31ACA3F3C12}.Release|x64.ActiveCfg = Release|Any CPU
		{AEE94D60-93A8-46B7-A9E3-E31ACA3F3C12}.Release|x64.Build.0 = Release|Any CPU
		{AEE94D60-93A8-46B7-A9E3-E31ACA3F3C12}.Release|x86.ActiveCfg = Release|Any CPU
		{AEE94D60-93A8-46B7-A9E3-E31ACA3F3C12}.Release|x86.Build.0 = Release|Any CPU
		{88244226-FD00-4A67-8108-649C7A37F72A}.Debug|Any CPU.ActiveCfg = Debug|Any CPU
		{88244226-FD00-4A67-8108-649C7A37F72A}.Debug|Any CPU.Build.0 = Debug|Any CPU
		{88244226-FD00-4A67-8108-649C7A37F72A}.Debug|ARM.ActiveCfg = Debug|Any CPU
		{88244226-FD00-4A67-8108-649C7A37F72A}.Debug|ARM.Build.0 = Debug|Any CPU
		{88244226-FD00-4A67-8108-649C7A37F72A}.Debug|ARM64.ActiveCfg = Debug|Any CPU
		{88244226-FD00-4A67-8108-649C7A37F72A}.Debug|ARM64.Build.0 = Debug|Any CPU
		{88244226-FD00-4A67-8108-649C7A37F72A}.Debug|x64.ActiveCfg = Debug|Any CPU
		{88244226-FD00-4A67-8108-649C7A37F72A}.Debug|x64.Build.0 = Debug|Any CPU
		{88244226-FD00-4A67-8108-649C7A37F72A}.Debug|x86.ActiveCfg = Debug|Any CPU
		{88244226-FD00-4A67-8108-649C7A37F72A}.Debug|x86.Build.0 = Debug|Any CPU
		{88244226-FD00-4A67-8108-649C7A37F72A}.Release|Any CPU.ActiveCfg = Release|Any CPU
		{88244226-FD00-4A67-8108-649C7A37F72A}.Release|Any CPU.Build.0 = Release|Any CPU
		{88244226-FD00-4A67-8108-649C7A37F72A}.Release|ARM.ActiveCfg = Release|Any CPU
		{88244226-FD00-4A67-8108-649C7A37F72A}.Release|ARM.Build.0 = Release|Any CPU
		{88244226-FD00-4A67-8108-649C7A37F72A}.Release|ARM64.ActiveCfg = Release|Any CPU
		{88244226-FD00-4A67-8108-649C7A37F72A}.Release|ARM64.Build.0 = Release|Any CPU
		{88244226-FD00-4A67-8108-649C7A37F72A}.Release|x64.ActiveCfg = Release|Any CPU
		{88244226-FD00-4A67-8108-649C7A37F72A}.Release|x64.Build.0 = Release|Any CPU
		{88244226-FD00-4A67-8108-649C7A37F72A}.Release|x86.ActiveCfg = Release|Any CPU
		{88244226-FD00-4A67-8108-649C7A37F72A}.Release|x86.Build.0 = Release|Any CPU
		{C07E2EF8-D21F-4A96-AE05-8DE335AFF4FB}.Debug|Any CPU.ActiveCfg = Debug|Any CPU
		{C07E2EF8-D21F-4A96-AE05-8DE335AFF4FB}.Debug|Any CPU.Build.0 = Debug|Any CPU
		{C07E2EF8-D21F-4A96-AE05-8DE335AFF4FB}.Debug|ARM.ActiveCfg = Debug|Any CPU
		{C07E2EF8-D21F-4A96-AE05-8DE335AFF4FB}.Debug|ARM.Build.0 = Debug|Any CPU
		{C07E2EF8-D21F-4A96-AE05-8DE335AFF4FB}.Debug|ARM64.ActiveCfg = Debug|Any CPU
		{C07E2EF8-D21F-4A96-AE05-8DE335AFF4FB}.Debug|ARM64.Build.0 = Debug|Any CPU
		{C07E2EF8-D21F-4A96-AE05-8DE335AFF4FB}.Debug|x64.ActiveCfg = Debug|Any CPU
		{C07E2EF8-D21F-4A96-AE05-8DE335AFF4FB}.Debug|x64.Build.0 = Debug|Any CPU
		{C07E2EF8-D21F-4A96-AE05-8DE335AFF4FB}.Debug|x86.ActiveCfg = Debug|Any CPU
		{C07E2EF8-D21F-4A96-AE05-8DE335AFF4FB}.Debug|x86.Build.0 = Debug|Any CPU
		{C07E2EF8-D21F-4A96-AE05-8DE335AFF4FB}.Release|Any CPU.ActiveCfg = Release|Any CPU
		{C07E2EF8-D21F-4A96-AE05-8DE335AFF4FB}.Release|Any CPU.Build.0 = Release|Any CPU
		{C07E2EF8-D21F-4A96-AE05-8DE335AFF4FB}.Release|ARM.ActiveCfg = Release|Any CPU
		{C07E2EF8-D21F-4A96-AE05-8DE335AFF4FB}.Release|ARM.Build.0 = Release|Any CPU
		{C07E2EF8-D21F-4A96-AE05-8DE335AFF4FB}.Release|ARM64.ActiveCfg = Release|Any CPU
		{C07E2EF8-D21F-4A96-AE05-8DE335AFF4FB}.Release|ARM64.Build.0 = Release|Any CPU
		{C07E2EF8-D21F-4A96-AE05-8DE335AFF4FB}.Release|x64.ActiveCfg = Release|Any CPU
		{C07E2EF8-D21F-4A96-AE05-8DE335AFF4FB}.Release|x64.Build.0 = Release|Any CPU
		{C07E2EF8-D21F-4A96-AE05-8DE335AFF4FB}.Release|x86.ActiveCfg = Release|Any CPU
		{C07E2EF8-D21F-4A96-AE05-8DE335AFF4FB}.Release|x86.Build.0 = Release|Any CPU
		{09B10157-C3C6-4AA0-8B59-F195F165FC4C}.Debug|Any CPU.ActiveCfg = Debug|Any CPU
		{09B10157-C3C6-4AA0-8B59-F195F165FC4C}.Debug|Any CPU.Build.0 = Debug|Any CPU
		{09B10157-C3C6-4AA0-8B59-F195F165FC4C}.Debug|ARM.ActiveCfg = Debug|Any CPU
		{09B10157-C3C6-4AA0-8B59-F195F165FC4C}.Debug|ARM.Build.0 = Debug|Any CPU
		{09B10157-C3C6-4AA0-8B59-F195F165FC4C}.Debug|ARM64.ActiveCfg = Debug|Any CPU
		{09B10157-C3C6-4AA0-8B59-F195F165FC4C}.Debug|ARM64.Build.0 = Debug|Any CPU
		{09B10157-C3C6-4AA0-8B59-F195F165FC4C}.Debug|x64.ActiveCfg = Debug|Any CPU
		{09B10157-C3C6-4AA0-8B59-F195F165FC4C}.Debug|x64.Build.0 = Debug|Any CPU
		{09B10157-C3C6-4AA0-8B59-F195F165FC4C}.Debug|x86.ActiveCfg = Debug|Any CPU
		{09B10157-C3C6-4AA0-8B59-F195F165FC4C}.Debug|x86.Build.0 = Debug|Any CPU
		{09B10157-C3C6-4AA0-8B59-F195F165FC4C}.Release|Any CPU.ActiveCfg = Release|Any CPU
		{09B10157-C3C6-4AA0-8B59-F195F165FC4C}.Release|Any CPU.Build.0 = Release|Any CPU
		{09B10157-C3C6-4AA0-8B59-F195F165FC4C}.Release|ARM.ActiveCfg = Release|Any CPU
		{09B10157-C3C6-4AA0-8B59-F195F165FC4C}.Release|ARM.Build.0 = Release|Any CPU
		{09B10157-C3C6-4AA0-8B59-F195F165FC4C}.Release|ARM64.ActiveCfg = Release|Any CPU
		{09B10157-C3C6-4AA0-8B59-F195F165FC4C}.Release|ARM64.Build.0 = Release|Any CPU
		{09B10157-C3C6-4AA0-8B59-F195F165FC4C}.Release|x64.ActiveCfg = Release|Any CPU
		{09B10157-C3C6-4AA0-8B59-F195F165FC4C}.Release|x64.Build.0 = Release|Any CPU
		{09B10157-C3C6-4AA0-8B59-F195F165FC4C}.Release|x86.ActiveCfg = Release|Any CPU
		{09B10157-C3C6-4AA0-8B59-F195F165FC4C}.Release|x86.Build.0 = Release|Any CPU
		{BA568B80-2988-460E-9210-1A561DA3F152}.Debug|Any CPU.ActiveCfg = Debug|Any CPU
		{BA568B80-2988-460E-9210-1A561DA3F152}.Debug|Any CPU.Build.0 = Debug|Any CPU
		{BA568B80-2988-460E-9210-1A561DA3F152}.Debug|ARM.ActiveCfg = Debug|Any CPU
		{BA568B80-2988-460E-9210-1A561DA3F152}.Debug|ARM.Build.0 = Debug|Any CPU
		{BA568B80-2988-460E-9210-1A561DA3F152}.Debug|ARM64.ActiveCfg = Debug|Any CPU
		{BA568B80-2988-460E-9210-1A561DA3F152}.Debug|ARM64.Build.0 = Debug|Any CPU
		{BA568B80-2988-460E-9210-1A561DA3F152}.Debug|x64.ActiveCfg = Debug|Any CPU
		{BA568B80-2988-460E-9210-1A561DA3F152}.Debug|x64.Build.0 = Debug|Any CPU
		{BA568B80-2988-460E-9210-1A561DA3F152}.Debug|x86.ActiveCfg = Debug|Any CPU
		{BA568B80-2988-460E-9210-1A561DA3F152}.Debug|x86.Build.0 = Debug|Any CPU
		{BA568B80-2988-460E-9210-1A561DA3F152}.Release|Any CPU.ActiveCfg = Release|Any CPU
		{BA568B80-2988-460E-9210-1A561DA3F152}.Release|Any CPU.Build.0 = Release|Any CPU
		{BA568B80-2988-460E-9210-1A561DA3F152}.Release|ARM.ActiveCfg = Release|Any CPU
		{BA568B80-2988-460E-9210-1A561DA3F152}.Release|ARM.Build.0 = Release|Any CPU
		{BA568B80-2988-460E-9210-1A561DA3F152}.Release|ARM64.ActiveCfg = Release|Any CPU
		{BA568B80-2988-460E-9210-1A561DA3F152}.Release|ARM64.Build.0 = Release|Any CPU
		{BA568B80-2988-460E-9210-1A561DA3F152}.Release|x64.ActiveCfg = Release|Any CPU
		{BA568B80-2988-460E-9210-1A561DA3F152}.Release|x64.Build.0 = Release|Any CPU
		{BA568B80-2988-460E-9210-1A561DA3F152}.Release|x86.ActiveCfg = Release|Any CPU
		{BA568B80-2988-460E-9210-1A561DA3F152}.Release|x86.Build.0 = Release|Any CPU
		{8EBE9D77-878F-4DB1-80AB-EADD68A1B50A}.Debug|Any CPU.ActiveCfg = Debug|Any CPU
		{8EBE9D77-878F-4DB1-80AB-EADD68A1B50A}.Debug|Any CPU.Build.0 = Debug|Any CPU
		{8EBE9D77-878F-4DB1-80AB-EADD68A1B50A}.Debug|ARM.ActiveCfg = Debug|Any CPU
		{8EBE9D77-878F-4DB1-80AB-EADD68A1B50A}.Debug|ARM.Build.0 = Debug|Any CPU
		{8EBE9D77-878F-4DB1-80AB-EADD68A1B50A}.Debug|ARM64.ActiveCfg = Debug|Any CPU
		{8EBE9D77-878F-4DB1-80AB-EADD68A1B50A}.Debug|ARM64.Build.0 = Debug|Any CPU
		{8EBE9D77-878F-4DB1-80AB-EADD68A1B50A}.Debug|x64.ActiveCfg = Debug|Any CPU
		{8EBE9D77-878F-4DB1-80AB-EADD68A1B50A}.Debug|x64.Build.0 = Debug|Any CPU
		{8EBE9D77-878F-4DB1-80AB-EADD68A1B50A}.Debug|x86.ActiveCfg = Debug|Any CPU
		{8EBE9D77-878F-4DB1-80AB-EADD68A1B50A}.Debug|x86.Build.0 = Debug|Any CPU
		{8EBE9D77-878F-4DB1-80AB-EADD68A1B50A}.Release|Any CPU.ActiveCfg = Release|Any CPU
		{8EBE9D77-878F-4DB1-80AB-EADD68A1B50A}.Release|Any CPU.Build.0 = Release|Any CPU
		{8EBE9D77-878F-4DB1-80AB-EADD68A1B50A}.Release|ARM.ActiveCfg = Release|Any CPU
		{8EBE9D77-878F-4DB1-80AB-EADD68A1B50A}.Release|ARM.Build.0 = Release|Any CPU
		{8EBE9D77-878F-4DB1-80AB-EADD68A1B50A}.Release|ARM64.ActiveCfg = Release|Any CPU
		{8EBE9D77-878F-4DB1-80AB-EADD68A1B50A}.Release|ARM64.Build.0 = Release|Any CPU
		{8EBE9D77-878F-4DB1-80AB-EADD68A1B50A}.Release|x64.ActiveCfg = Release|Any CPU
		{8EBE9D77-878F-4DB1-80AB-EADD68A1B50A}.Release|x64.Build.0 = Release|Any CPU
		{8EBE9D77-878F-4DB1-80AB-EADD68A1B50A}.Release|x86.ActiveCfg = Release|Any CPU
		{8EBE9D77-878F-4DB1-80AB-EADD68A1B50A}.Release|x86.Build.0 = Release|Any CPU
		{210D0414-762F-4EEE-BCF1-55026A0E7889}.Debug|Any CPU.ActiveCfg = Debug|Any CPU
		{210D0414-762F-4EEE-BCF1-55026A0E7889}.Debug|ARM.ActiveCfg = Debug|Any CPU
		{210D0414-762F-4EEE-BCF1-55026A0E7889}.Debug|ARM64.ActiveCfg = Debug|Any CPU
		{210D0414-762F-4EEE-BCF1-55026A0E7889}.Debug|x64.ActiveCfg = Debug|Any CPU
		{210D0414-762F-4EEE-BCF1-55026A0E7889}.Debug|x86.ActiveCfg = Debug|Any CPU
		{210D0414-762F-4EEE-BCF1-55026A0E7889}.Release|Any CPU.ActiveCfg = Release|Any CPU
		{210D0414-762F-4EEE-BCF1-55026A0E7889}.Release|ARM.ActiveCfg = Release|Any CPU
		{210D0414-762F-4EEE-BCF1-55026A0E7889}.Release|ARM64.ActiveCfg = Release|Any CPU
		{210D0414-762F-4EEE-BCF1-55026A0E7889}.Release|x64.ActiveCfg = Release|Any CPU
		{210D0414-762F-4EEE-BCF1-55026A0E7889}.Release|x86.ActiveCfg = Release|Any CPU
		{00A83333-6772-410E-8AD4-64CC027ED1C7}.Debug|Any CPU.ActiveCfg = Debug|Win32
		{00A83333-6772-410E-8AD4-64CC027ED1C7}.Debug|ARM.ActiveCfg = Debug|Win32
		{00A83333-6772-410E-8AD4-64CC027ED1C7}.Debug|ARM64.ActiveCfg = Debug|Win32
		{00A83333-6772-410E-8AD4-64CC027ED1C7}.Debug|x64.ActiveCfg = Debug|x64
		{00A83333-6772-410E-8AD4-64CC027ED1C7}.Debug|x64.Build.0 = Debug|x64
		{00A83333-6772-410E-8AD4-64CC027ED1C7}.Debug|x86.ActiveCfg = Debug|Win32
		{00A83333-6772-410E-8AD4-64CC027ED1C7}.Debug|x86.Build.0 = Debug|Win32
		{00A83333-6772-410E-8AD4-64CC027ED1C7}.Release|Any CPU.ActiveCfg = Release|Win32
		{00A83333-6772-410E-8AD4-64CC027ED1C7}.Release|ARM.ActiveCfg = Release|Win32
		{00A83333-6772-410E-8AD4-64CC027ED1C7}.Release|ARM64.ActiveCfg = Release|Win32
		{00A83333-6772-410E-8AD4-64CC027ED1C7}.Release|x64.ActiveCfg = Release|x64
		{00A83333-6772-410E-8AD4-64CC027ED1C7}.Release|x64.Build.0 = Release|x64
		{00A83333-6772-410E-8AD4-64CC027ED1C7}.Release|x86.ActiveCfg = Release|Win32
		{00A83333-6772-410E-8AD4-64CC027ED1C7}.Release|x86.Build.0 = Release|Win32
		{4E0DC0FE-C893-487F-9FDB-0103AD458BBB}.Debug|Any CPU.ActiveCfg = Debug|x86
		{4E0DC0FE-C893-487F-9FDB-0103AD458BBB}.Debug|ARM.ActiveCfg = Debug|ARM
		{4E0DC0FE-C893-487F-9FDB-0103AD458BBB}.Debug|ARM.Build.0 = Debug|ARM
		{4E0DC0FE-C893-487F-9FDB-0103AD458BBB}.Debug|ARM.Deploy.0 = Debug|ARM
		{4E0DC0FE-C893-487F-9FDB-0103AD458BBB}.Debug|ARM64.ActiveCfg = Debug|ARM64
		{4E0DC0FE-C893-487F-9FDB-0103AD458BBB}.Debug|ARM64.Build.0 = Debug|ARM64
		{4E0DC0FE-C893-487F-9FDB-0103AD458BBB}.Debug|ARM64.Deploy.0 = Debug|ARM64
		{4E0DC0FE-C893-487F-9FDB-0103AD458BBB}.Debug|x64.ActiveCfg = Debug|x64
		{4E0DC0FE-C893-487F-9FDB-0103AD458BBB}.Debug|x64.Build.0 = Debug|x64
		{4E0DC0FE-C893-487F-9FDB-0103AD458BBB}.Debug|x64.Deploy.0 = Debug|x64
		{4E0DC0FE-C893-487F-9FDB-0103AD458BBB}.Debug|x86.ActiveCfg = Debug|x86
		{4E0DC0FE-C893-487F-9FDB-0103AD458BBB}.Debug|x86.Build.0 = Debug|x86
		{4E0DC0FE-C893-487F-9FDB-0103AD458BBB}.Debug|x86.Deploy.0 = Debug|x86
		{4E0DC0FE-C893-487F-9FDB-0103AD458BBB}.Release|Any CPU.ActiveCfg = Release|x86
		{4E0DC0FE-C893-487F-9FDB-0103AD458BBB}.Release|ARM.ActiveCfg = Release|ARM
		{4E0DC0FE-C893-487F-9FDB-0103AD458BBB}.Release|ARM.Build.0 = Release|ARM
		{4E0DC0FE-C893-487F-9FDB-0103AD458BBB}.Release|ARM.Deploy.0 = Release|ARM
		{4E0DC0FE-C893-487F-9FDB-0103AD458BBB}.Release|ARM64.ActiveCfg = Release|ARM64
		{4E0DC0FE-C893-487F-9FDB-0103AD458BBB}.Release|ARM64.Build.0 = Release|ARM64
		{4E0DC0FE-C893-487F-9FDB-0103AD458BBB}.Release|ARM64.Deploy.0 = Release|ARM64
		{4E0DC0FE-C893-487F-9FDB-0103AD458BBB}.Release|x64.ActiveCfg = Release|x64
		{4E0DC0FE-C893-487F-9FDB-0103AD458BBB}.Release|x64.Build.0 = Release|x64
		{4E0DC0FE-C893-487F-9FDB-0103AD458BBB}.Release|x64.Deploy.0 = Release|x64
		{4E0DC0FE-C893-487F-9FDB-0103AD458BBB}.Release|x86.ActiveCfg = Release|x86
		{4E0DC0FE-C893-487F-9FDB-0103AD458BBB}.Release|x86.Build.0 = Release|x86
		{4E0DC0FE-C893-487F-9FDB-0103AD458BBB}.Release|x86.Deploy.0 = Release|x86
		{C09DC2BA-4F3F-4BAF-AA90-525882E06105}.Debug|Any CPU.ActiveCfg = Debug|x86
		{C09DC2BA-4F3F-4BAF-AA90-525882E06105}.Debug|ARM.ActiveCfg = Debug|ARM
		{C09DC2BA-4F3F-4BAF-AA90-525882E06105}.Debug|ARM.Build.0 = Debug|ARM
		{C09DC2BA-4F3F-4BAF-AA90-525882E06105}.Debug|ARM.Deploy.0 = Debug|ARM
		{C09DC2BA-4F3F-4BAF-AA90-525882E06105}.Debug|ARM64.ActiveCfg = Debug|ARM64
		{C09DC2BA-4F3F-4BAF-AA90-525882E06105}.Debug|ARM64.Build.0 = Debug|ARM64
		{C09DC2BA-4F3F-4BAF-AA90-525882E06105}.Debug|ARM64.Deploy.0 = Debug|ARM64
		{C09DC2BA-4F3F-4BAF-AA90-525882E06105}.Debug|x64.ActiveCfg = Debug|x64
		{C09DC2BA-4F3F-4BAF-AA90-525882E06105}.Debug|x64.Build.0 = Debug|x64
		{C09DC2BA-4F3F-4BAF-AA90-525882E06105}.Debug|x64.Deploy.0 = Debug|x64
		{C09DC2BA-4F3F-4BAF-AA90-525882E06105}.Debug|x86.ActiveCfg = Debug|x86
		{C09DC2BA-4F3F-4BAF-AA90-525882E06105}.Debug|x86.Build.0 = Debug|x86
		{C09DC2BA-4F3F-4BAF-AA90-525882E06105}.Debug|x86.Deploy.0 = Debug|x86
		{C09DC2BA-4F3F-4BAF-AA90-525882E06105}.Release|Any CPU.ActiveCfg = Release|x86
		{C09DC2BA-4F3F-4BAF-AA90-525882E06105}.Release|ARM.ActiveCfg = Release|ARM
		{C09DC2BA-4F3F-4BAF-AA90-525882E06105}.Release|ARM.Build.0 = Release|ARM
		{C09DC2BA-4F3F-4BAF-AA90-525882E06105}.Release|ARM.Deploy.0 = Release|ARM
		{C09DC2BA-4F3F-4BAF-AA90-525882E06105}.Release|ARM64.ActiveCfg = Release|ARM64
		{C09DC2BA-4F3F-4BAF-AA90-525882E06105}.Release|ARM64.Build.0 = Release|ARM64
		{C09DC2BA-4F3F-4BAF-AA90-525882E06105}.Release|ARM64.Deploy.0 = Release|ARM64
		{C09DC2BA-4F3F-4BAF-AA90-525882E06105}.Release|x64.ActiveCfg = Release|x64
		{C09DC2BA-4F3F-4BAF-AA90-525882E06105}.Release|x64.Build.0 = Release|x64
		{C09DC2BA-4F3F-4BAF-AA90-525882E06105}.Release|x64.Deploy.0 = Release|x64
		{C09DC2BA-4F3F-4BAF-AA90-525882E06105}.Release|x86.ActiveCfg = Release|x86
		{C09DC2BA-4F3F-4BAF-AA90-525882E06105}.Release|x86.Build.0 = Release|x86
		{C09DC2BA-4F3F-4BAF-AA90-525882E06105}.Release|x86.Deploy.0 = Release|x86
		{15E0F62E-39D1-4297-80BF-D2FF4FECCFCE}.Debug|Any CPU.ActiveCfg = Debug|x86
		{15E0F62E-39D1-4297-80BF-D2FF4FECCFCE}.Debug|ARM.ActiveCfg = Debug|ARM
		{15E0F62E-39D1-4297-80BF-D2FF4FECCFCE}.Debug|ARM.Build.0 = Debug|ARM
		{15E0F62E-39D1-4297-80BF-D2FF4FECCFCE}.Debug|ARM.Deploy.0 = Debug|ARM
		{15E0F62E-39D1-4297-80BF-D2FF4FECCFCE}.Debug|ARM64.ActiveCfg = Debug|ARM64
		{15E0F62E-39D1-4297-80BF-D2FF4FECCFCE}.Debug|ARM64.Build.0 = Debug|ARM64
		{15E0F62E-39D1-4297-80BF-D2FF4FECCFCE}.Debug|ARM64.Deploy.0 = Debug|ARM64
		{15E0F62E-39D1-4297-80BF-D2FF4FECCFCE}.Debug|x64.ActiveCfg = Debug|x64
		{15E0F62E-39D1-4297-80BF-D2FF4FECCFCE}.Debug|x64.Build.0 = Debug|x64
		{15E0F62E-39D1-4297-80BF-D2FF4FECCFCE}.Debug|x64.Deploy.0 = Debug|x64
		{15E0F62E-39D1-4297-80BF-D2FF4FECCFCE}.Debug|x86.ActiveCfg = Debug|x86
		{15E0F62E-39D1-4297-80BF-D2FF4FECCFCE}.Debug|x86.Build.0 = Debug|x86
		{15E0F62E-39D1-4297-80BF-D2FF4FECCFCE}.Debug|x86.Deploy.0 = Debug|x86
		{15E0F62E-39D1-4297-80BF-D2FF4FECCFCE}.Release|Any CPU.ActiveCfg = Release|x86
		{15E0F62E-39D1-4297-80BF-D2FF4FECCFCE}.Release|ARM.ActiveCfg = Release|ARM
		{15E0F62E-39D1-4297-80BF-D2FF4FECCFCE}.Release|ARM.Build.0 = Release|ARM
		{15E0F62E-39D1-4297-80BF-D2FF4FECCFCE}.Release|ARM.Deploy.0 = Release|ARM
		{15E0F62E-39D1-4297-80BF-D2FF4FECCFCE}.Release|ARM64.ActiveCfg = Release|ARM64
		{15E0F62E-39D1-4297-80BF-D2FF4FECCFCE}.Release|ARM64.Build.0 = Release|ARM64
		{15E0F62E-39D1-4297-80BF-D2FF4FECCFCE}.Release|ARM64.Deploy.0 = Release|ARM64
		{15E0F62E-39D1-4297-80BF-D2FF4FECCFCE}.Release|x64.ActiveCfg = Release|x64
		{15E0F62E-39D1-4297-80BF-D2FF4FECCFCE}.Release|x64.Build.0 = Release|x64
		{15E0F62E-39D1-4297-80BF-D2FF4FECCFCE}.Release|x64.Deploy.0 = Release|x64
		{15E0F62E-39D1-4297-80BF-D2FF4FECCFCE}.Release|x86.ActiveCfg = Release|x86
		{15E0F62E-39D1-4297-80BF-D2FF4FECCFCE}.Release|x86.Build.0 = Release|x86
		{15E0F62E-39D1-4297-80BF-D2FF4FECCFCE}.Release|x86.Deploy.0 = Release|x86
		{2AAF5C6B-65B0-4248-A2F8-95B1B56CD962}.Debug|Any CPU.ActiveCfg = Debug|Win32
		{2AAF5C6B-65B0-4248-A2F8-95B1B56CD962}.Debug|ARM.ActiveCfg = Debug|Win32
		{2AAF5C6B-65B0-4248-A2F8-95B1B56CD962}.Debug|ARM64.ActiveCfg = Debug|Win32
		{2AAF5C6B-65B0-4248-A2F8-95B1B56CD962}.Debug|x64.ActiveCfg = Debug|x64
		{2AAF5C6B-65B0-4248-A2F8-95B1B56CD962}.Debug|x64.Build.0 = Debug|x64
		{2AAF5C6B-65B0-4248-A2F8-95B1B56CD962}.Debug|x86.ActiveCfg = Debug|Win32
		{2AAF5C6B-65B0-4248-A2F8-95B1B56CD962}.Debug|x86.Build.0 = Debug|Win32
		{2AAF5C6B-65B0-4248-A2F8-95B1B56CD962}.Release|Any CPU.ActiveCfg = Release|Win32
		{2AAF5C6B-65B0-4248-A2F8-95B1B56CD962}.Release|ARM.ActiveCfg = Release|Win32
		{2AAF5C6B-65B0-4248-A2F8-95B1B56CD962}.Release|ARM64.ActiveCfg = Release|Win32
		{2AAF5C6B-65B0-4248-A2F8-95B1B56CD962}.Release|x64.ActiveCfg = Release|x64
		{2AAF5C6B-65B0-4248-A2F8-95B1B56CD962}.Release|x64.Build.0 = Release|x64
		{2AAF5C6B-65B0-4248-A2F8-95B1B56CD962}.Release|x86.ActiveCfg = Release|Win32
		{2AAF5C6B-65B0-4248-A2F8-95B1B56CD962}.Release|x86.Build.0 = Release|Win32
		{DA7007DD-3AF3-4584-8E5C-387896713FAB}.Debug|Any CPU.ActiveCfg = Debug|Win32
		{DA7007DD-3AF3-4584-8E5C-387896713FAB}.Debug|ARM.ActiveCfg = Debug|Win32
		{DA7007DD-3AF3-4584-8E5C-387896713FAB}.Debug|ARM64.ActiveCfg = Debug|Win32
		{DA7007DD-3AF3-4584-8E5C-387896713FAB}.Debug|x64.ActiveCfg = Debug|x64
		{DA7007DD-3AF3-4584-8E5C-387896713FAB}.Debug|x64.Build.0 = Debug|x64
		{DA7007DD-3AF3-4584-8E5C-387896713FAB}.Debug|x86.ActiveCfg = Debug|Win32
		{DA7007DD-3AF3-4584-8E5C-387896713FAB}.Debug|x86.Build.0 = Debug|Win32
		{DA7007DD-3AF3-4584-8E5C-387896713FAB}.Release|Any CPU.ActiveCfg = Release|Win32
		{DA7007DD-3AF3-4584-8E5C-387896713FAB}.Release|ARM.ActiveCfg = Release|Win32
		{DA7007DD-3AF3-4584-8E5C-387896713FAB}.Release|ARM64.ActiveCfg = Release|Win32
		{DA7007DD-3AF3-4584-8E5C-387896713FAB}.Release|x64.ActiveCfg = Release|x64
		{DA7007DD-3AF3-4584-8E5C-387896713FAB}.Release|x64.Build.0 = Release|x64
		{DA7007DD-3AF3-4584-8E5C-387896713FAB}.Release|x86.ActiveCfg = Release|Win32
		{DA7007DD-3AF3-4584-8E5C-387896713FAB}.Release|x86.Build.0 = Release|Win32
		{A6DB04D9-5D44-4B1E-A68D-801EF90A84B9}.Debug|Any CPU.ActiveCfg = Debug|Win32
		{A6DB04D9-5D44-4B1E-A68D-801EF90A84B9}.Debug|ARM.ActiveCfg = Debug|Win32
		{A6DB04D9-5D44-4B1E-A68D-801EF90A84B9}.Debug|ARM64.ActiveCfg = Debug|Win32
		{A6DB04D9-5D44-4B1E-A68D-801EF90A84B9}.Debug|x64.ActiveCfg = Debug|x64
		{A6DB04D9-5D44-4B1E-A68D-801EF90A84B9}.Debug|x64.Build.0 = Debug|x64
		{A6DB04D9-5D44-4B1E-A68D-801EF90A84B9}.Debug|x86.ActiveCfg = Debug|Win32
		{A6DB04D9-5D44-4B1E-A68D-801EF90A84B9}.Debug|x86.Build.0 = Debug|Win32
		{A6DB04D9-5D44-4B1E-A68D-801EF90A84B9}.Release|Any CPU.ActiveCfg = Release|Win32
		{A6DB04D9-5D44-4B1E-A68D-801EF90A84B9}.Release|ARM.ActiveCfg = Release|Win32
		{A6DB04D9-5D44-4B1E-A68D-801EF90A84B9}.Release|ARM64.ActiveCfg = Release|Win32
		{A6DB04D9-5D44-4B1E-A68D-801EF90A84B9}.Release|x64.ActiveCfg = Release|x64
		{A6DB04D9-5D44-4B1E-A68D-801EF90A84B9}.Release|x64.Build.0 = Release|x64
		{A6DB04D9-5D44-4B1E-A68D-801EF90A84B9}.Release|x86.ActiveCfg = Release|Win32
		{A6DB04D9-5D44-4B1E-A68D-801EF90A84B9}.Release|x86.Build.0 = Release|Win32
		{41E27E32-99A2-4E09-962E-36E2E590A2EE}.Debug|Any CPU.ActiveCfg = Debug|Win32
		{41E27E32-99A2-4E09-962E-36E2E590A2EE}.Debug|ARM.ActiveCfg = Debug|Win32
		{41E27E32-99A2-4E09-962E-36E2E590A2EE}.Debug|ARM64.ActiveCfg = Debug|Win32
		{41E27E32-99A2-4E09-962E-36E2E590A2EE}.Debug|x64.ActiveCfg = Debug|x64
		{41E27E32-99A2-4E09-962E-36E2E590A2EE}.Debug|x64.Build.0 = Debug|x64
		{41E27E32-99A2-4E09-962E-36E2E590A2EE}.Debug|x86.ActiveCfg = Debug|Win32
		{41E27E32-99A2-4E09-962E-36E2E590A2EE}.Debug|x86.Build.0 = Debug|Win32
		{41E27E32-99A2-4E09-962E-36E2E590A2EE}.Release|Any CPU.ActiveCfg = Release|Win32
		{41E27E32-99A2-4E09-962E-36E2E590A2EE}.Release|ARM.ActiveCfg = Release|Win32
		{41E27E32-99A2-4E09-962E-36E2E590A2EE}.Release|ARM64.ActiveCfg = Release|Win32
		{41E27E32-99A2-4E09-962E-36E2E590A2EE}.Release|x64.ActiveCfg = Release|x64
		{41E27E32-99A2-4E09-962E-36E2E590A2EE}.Release|x64.Build.0 = Release|x64
		{41E27E32-99A2-4E09-962E-36E2E590A2EE}.Release|x86.ActiveCfg = Release|Win32
		{41E27E32-99A2-4E09-962E-36E2E590A2EE}.Release|x86.Build.0 = Release|Win32
		{24CCD4E3-E02A-4E08-8A83-F6D7FA787858}.Debug|Any CPU.ActiveCfg = Debug|Win32
		{24CCD4E3-E02A-4E08-8A83-F6D7FA787858}.Debug|ARM.ActiveCfg = Debug|Win32
		{24CCD4E3-E02A-4E08-8A83-F6D7FA787858}.Debug|ARM64.ActiveCfg = Debug|Win32
		{24CCD4E3-E02A-4E08-8A83-F6D7FA787858}.Debug|x64.ActiveCfg = Debug|x64
		{24CCD4E3-E02A-4E08-8A83-F6D7FA787858}.Debug|x64.Build.0 = Debug|x64
		{24CCD4E3-E02A-4E08-8A83-F6D7FA787858}.Debug|x86.ActiveCfg = Debug|Win32
		{24CCD4E3-E02A-4E08-8A83-F6D7FA787858}.Debug|x86.Build.0 = Debug|Win32
		{24CCD4E3-E02A-4E08-8A83-F6D7FA787858}.Release|Any CPU.ActiveCfg = Release|Win32
		{24CCD4E3-E02A-4E08-8A83-F6D7FA787858}.Release|ARM.ActiveCfg = Release|Win32
		{24CCD4E3-E02A-4E08-8A83-F6D7FA787858}.Release|ARM64.ActiveCfg = Release|Win32
		{24CCD4E3-E02A-4E08-8A83-F6D7FA787858}.Release|x64.ActiveCfg = Release|x64
		{24CCD4E3-E02A-4E08-8A83-F6D7FA787858}.Release|x64.Build.0 = Release|x64
		{24CCD4E3-E02A-4E08-8A83-F6D7FA787858}.Release|x86.ActiveCfg = Release|Win32
		{24CCD4E3-E02A-4E08-8A83-F6D7FA787858}.Release|x86.Build.0 = Release|Win32
		{1C49A00A-3C4C-4CC7-8495-DCB920A273A9}.Debug|Any CPU.ActiveCfg = Debug|Win32
		{1C49A00A-3C4C-4CC7-8495-DCB920A273A9}.Debug|ARM.ActiveCfg = Debug|Win32
		{1C49A00A-3C4C-4CC7-8495-DCB920A273A9}.Debug|ARM64.ActiveCfg = Debug|Win32
		{1C49A00A-3C4C-4CC7-8495-DCB920A273A9}.Debug|x64.ActiveCfg = Debug|x64
		{1C49A00A-3C4C-4CC7-8495-DCB920A273A9}.Debug|x64.Build.0 = Debug|x64
		{1C49A00A-3C4C-4CC7-8495-DCB920A273A9}.Debug|x86.ActiveCfg = Debug|Win32
		{1C49A00A-3C4C-4CC7-8495-DCB920A273A9}.Debug|x86.Build.0 = Debug|Win32
		{1C49A00A-3C4C-4CC7-8495-DCB920A273A9}.Release|Any CPU.ActiveCfg = Release|Win32
		{1C49A00A-3C4C-4CC7-8495-DCB920A273A9}.Release|ARM.ActiveCfg = Release|Win32
		{1C49A00A-3C4C-4CC7-8495-DCB920A273A9}.Release|ARM64.ActiveCfg = Release|Win32
		{1C49A00A-3C4C-4CC7-8495-DCB920A273A9}.Release|x64.ActiveCfg = Release|x64
		{1C49A00A-3C4C-4CC7-8495-DCB920A273A9}.Release|x64.Build.0 = Release|x64
		{1C49A00A-3C4C-4CC7-8495-DCB920A273A9}.Release|x86.ActiveCfg = Release|Win32
		{1C49A00A-3C4C-4CC7-8495-DCB920A273A9}.Release|x86.Build.0 = Release|Win32
		{963C86A8-3FF1-4E86-A648-1C5419C4EF46}.Debug|Any CPU.ActiveCfg = Debug|Win32
		{963C86A8-3FF1-4E86-A648-1C5419C4EF46}.Debug|ARM.ActiveCfg = Debug|Win32
		{963C86A8-3FF1-4E86-A648-1C5419C4EF46}.Debug|ARM64.ActiveCfg = Debug|Win32
		{963C86A8-3FF1-4E86-A648-1C5419C4EF46}.Debug|x64.ActiveCfg = Debug|x64
		{963C86A8-3FF1-4E86-A648-1C5419C4EF46}.Debug|x64.Build.0 = Debug|x64
		{963C86A8-3FF1-4E86-A648-1C5419C4EF46}.Debug|x86.ActiveCfg = Debug|Win32
		{963C86A8-3FF1-4E86-A648-1C5419C4EF46}.Debug|x86.Build.0 = Debug|Win32
		{963C86A8-3FF1-4E86-A648-1C5419C4EF46}.Release|Any CPU.ActiveCfg = Release|Win32
		{963C86A8-3FF1-4E86-A648-1C5419C4EF46}.Release|ARM.ActiveCfg = Release|Win32
		{963C86A8-3FF1-4E86-A648-1C5419C4EF46}.Release|ARM64.ActiveCfg = Release|Win32
		{963C86A8-3FF1-4E86-A648-1C5419C4EF46}.Release|x64.ActiveCfg = Release|x64
		{963C86A8-3FF1-4E86-A648-1C5419C4EF46}.Release|x64.Build.0 = Release|x64
		{963C86A8-3FF1-4E86-A648-1C5419C4EF46}.Release|x86.ActiveCfg = Release|Win32
		{963C86A8-3FF1-4E86-A648-1C5419C4EF46}.Release|x86.Build.0 = Release|Win32
		{31866481-C58B-4392-95B1-F49CE9F4857F}.Debug|Any CPU.ActiveCfg = Debug|Win32
		{31866481-C58B-4392-95B1-F49CE9F4857F}.Debug|ARM.ActiveCfg = Debug|Win32
		{31866481-C58B-4392-95B1-F49CE9F4857F}.Debug|ARM64.ActiveCfg = Debug|Win32
		{31866481-C58B-4392-95B1-F49CE9F4857F}.Debug|x64.ActiveCfg = Debug|x64
		{31866481-C58B-4392-95B1-F49CE9F4857F}.Debug|x64.Build.0 = Debug|x64
		{31866481-C58B-4392-95B1-F49CE9F4857F}.Debug|x86.ActiveCfg = Debug|Win32
		{31866481-C58B-4392-95B1-F49CE9F4857F}.Debug|x86.Build.0 = Debug|Win32
		{31866481-C58B-4392-95B1-F49CE9F4857F}.Release|Any CPU.ActiveCfg = Release|Win32
		{31866481-C58B-4392-95B1-F49CE9F4857F}.Release|ARM.ActiveCfg = Release|Win32
		{31866481-C58B-4392-95B1-F49CE9F4857F}.Release|ARM64.ActiveCfg = Release|Win32
		{31866481-C58B-4392-95B1-F49CE9F4857F}.Release|x64.ActiveCfg = Release|x64
		{31866481-C58B-4392-95B1-F49CE9F4857F}.Release|x64.Build.0 = Release|x64
		{31866481-C58B-4392-95B1-F49CE9F4857F}.Release|x86.ActiveCfg = Release|Win32
		{31866481-C58B-4392-95B1-F49CE9F4857F}.Release|x86.Build.0 = Release|Win32
		{D0473B14-0836-4563-9172-B1C70E9F297D}.Debug|Any CPU.ActiveCfg = Debug|Win32
		{D0473B14-0836-4563-9172-B1C70E9F297D}.Debug|ARM.ActiveCfg = Debug|Win32
		{D0473B14-0836-4563-9172-B1C70E9F297D}.Debug|ARM64.ActiveCfg = Debug|Win32
		{D0473B14-0836-4563-9172-B1C70E9F297D}.Debug|x64.ActiveCfg = Debug|x64
		{D0473B14-0836-4563-9172-B1C70E9F297D}.Debug|x64.Build.0 = Debug|x64
		{D0473B14-0836-4563-9172-B1C70E9F297D}.Debug|x86.ActiveCfg = Debug|Win32
		{D0473B14-0836-4563-9172-B1C70E9F297D}.Debug|x86.Build.0 = Debug|Win32
		{D0473B14-0836-4563-9172-B1C70E9F297D}.Release|Any CPU.ActiveCfg = Release|Win32
		{D0473B14-0836-4563-9172-B1C70E9F297D}.Release|ARM.ActiveCfg = Release|Win32
		{D0473B14-0836-4563-9172-B1C70E9F297D}.Release|ARM64.ActiveCfg = Release|Win32
		{D0473B14-0836-4563-9172-B1C70E9F297D}.Release|x64.ActiveCfg = Release|x64
		{D0473B14-0836-4563-9172-B1C70E9F297D}.Release|x64.Build.0 = Release|x64
		{D0473B14-0836-4563-9172-B1C70E9F297D}.Release|x86.ActiveCfg = Release|Win32
		{D0473B14-0836-4563-9172-B1C70E9F297D}.Release|x86.Build.0 = Release|Win32
		{4537BE3D-BDB1-4EB4-99EB-C36ED19D3313}.Debug|Any CPU.ActiveCfg = Debug|Win32
		{4537BE3D-BDB1-4EB4-99EB-C36ED19D3313}.Debug|ARM.ActiveCfg = Debug|Win32
		{4537BE3D-BDB1-4EB4-99EB-C36ED19D3313}.Debug|ARM64.ActiveCfg = Debug|Win32
		{4537BE3D-BDB1-4EB4-99EB-C36ED19D3313}.Debug|x64.ActiveCfg = Debug|x64
		{4537BE3D-BDB1-4EB4-99EB-C36ED19D3313}.Debug|x64.Build.0 = Debug|x64
		{4537BE3D-BDB1-4EB4-99EB-C36ED19D3313}.Debug|x86.ActiveCfg = Debug|Win32
		{4537BE3D-BDB1-4EB4-99EB-C36ED19D3313}.Debug|x86.Build.0 = Debug|Win32
		{4537BE3D-BDB1-4EB4-99EB-C36ED19D3313}.Release|Any CPU.ActiveCfg = Release|Win32
		{4537BE3D-BDB1-4EB4-99EB-C36ED19D3313}.Release|ARM.ActiveCfg = Release|Win32
		{4537BE3D-BDB1-4EB4-99EB-C36ED19D3313}.Release|ARM64.ActiveCfg = Release|Win32
		{4537BE3D-BDB1-4EB4-99EB-C36ED19D3313}.Release|x64.ActiveCfg = Release|x64
		{4537BE3D-BDB1-4EB4-99EB-C36ED19D3313}.Release|x64.Build.0 = Release|x64
		{4537BE3D-BDB1-4EB4-99EB-C36ED19D3313}.Release|x86.ActiveCfg = Release|Win32
		{4537BE3D-BDB1-4EB4-99EB-C36ED19D3313}.Release|x86.Build.0 = Release|Win32
	EndGlobalSection
	GlobalSection(SolutionProperties) = preSolution
		HideSolutionNode = FALSE
	EndGlobalSection
	GlobalSection(NestedProjects) = preSolution
		{210D0414-762F-4EEE-BCF1-55026A0E7889} = {02F3F27F-1758-41DB-B1EF-A326B6712045}
		{00A83333-6772-410E-8AD4-64CC027ED1C7} = {36ABBDA7-07F5-4DC4-95E2-798D9F7233EA}
		{4E0DC0FE-C893-487F-9FDB-0103AD458BBB} = {515B98E6-BE14-40CE-82FC-8E4655D4077B}
		{C09DC2BA-4F3F-4BAF-AA90-525882E06105} = {515B98E6-BE14-40CE-82FC-8E4655D4077B}
		{15E0F62E-39D1-4297-80BF-D2FF4FECCFCE} = {36ABBDA7-07F5-4DC4-95E2-798D9F7233EA}
		{339D108D-5719-47C4-9E82-4C8A474BB576} = {36ABBDA7-07F5-4DC4-95E2-798D9F7233EA}
		{2AAF5C6B-65B0-4248-A2F8-95B1B56CD962} = {339D108D-5719-47C4-9E82-4C8A474BB576}
		{DA7007DD-3AF3-4584-8E5C-387896713FAB} = {339D108D-5719-47C4-9E82-4C8A474BB576}
		{A6DB04D9-5D44-4B1E-A68D-801EF90A84B9} = {035F7412-CA9D-473B-B3C8-89924E834115}
		{41E27E32-99A2-4E09-962E-36E2E590A2EE} = {339D108D-5719-47C4-9E82-4C8A474BB576}
		{24CCD4E3-E02A-4E08-8A83-F6D7FA787858} = {035F7412-CA9D-473B-B3C8-89924E834115}
		{1C49A00A-3C4C-4CC7-8495-DCB920A273A9} = {7D88C3C8-4B80-4B65-BE8A-C91D903E50AE}
		{963C86A8-3FF1-4E86-A648-1C5419C4EF46} = {339D108D-5719-47C4-9E82-4C8A474BB576}
		{31866481-C58B-4392-95B1-F49CE9F4857F} = {339D108D-5719-47C4-9E82-4C8A474BB576}
		{D0473B14-0836-4563-9172-B1C70E9F297D} = {339D108D-5719-47C4-9E82-4C8A474BB576}
		{4537BE3D-BDB1-4EB4-99EB-C36ED19D3313} = {339D108D-5719-47C4-9E82-4C8A474BB576}
	EndGlobalSection
	GlobalSection(ExtensibilityGlobals) = postSolution
		SolutionGuid = {50B6A7F2-B4C6-401F-ADE6-12E61AA4E236}
	EndGlobalSection
EndGlobal
